
Microsoft Visual Studio Solution File, Format Version 12.00
# Visual Studio Version 16
VisualStudioVersion = 16.0.29519.87
MinimumVisualStudioVersion = 10.0.40219.1
Project("{FAE04EC0-301F-11D3-BF4B-00C04F79EFBC}") = "BlueNetRegistrar.Android", "BlueNetRegistrar\BlueNetRegistrar.Android\BlueNetRegistrar.Android.csproj", "{3ED6845E-AC8F-476F-8058-04183DFF89C3}"
EndProject
Project("{FAE04EC0-301F-11D3-BF4B-00C04F79EFBC}") = "BlueNetRegistrar.iOS", "BlueNetRegistrar\BlueNetRegistrar.iOS\BlueNetRegistrar.iOS.csproj", "{EC77DA41-98C1-4639-9022-E647FEF95A03}"
EndProject
Project("{9A19103F-16F7-4668-BE54-9A1E7A4F7556}") = "BlueNetRegistrar", "BlueNetRegistrar\BlueNetRegistrar\BlueNetRegistrar.csproj", "{F529CCEE-5D71-44FE-A0A5-61309F4F35A5}"
EndProject
Global
	GlobalSection(SolutionConfigurationPlatforms) = preSolution
		Debug|Any CPU = Debug|Any CPU
		Debug|iPhone = Debug|iPhone
		Debug|iPhoneSimulator = Debug|iPhoneSimulator
		Debug|x86 = Debug|x86
		Release|Any CPU = Release|Any CPU
		Release|iPhone = Release|iPhone
		Release|iPhoneSimulator = Release|iPhoneSimulator
		Release|x86 = Release|x86
	EndGlobalSection
	GlobalSection(ProjectConfigurationPlatforms) = postSolution
		{3ED6845E-AC8F-476F-8058-04183DFF89C3}.Debug|Any CPU.ActiveCfg = Debug|Any CPU
		{3ED6845E-AC8F-476F-8058-04183DFF89C3}.Debug|Any CPU.Build.0 = Debug|Any CPU
		{3ED6845E-AC8F-476F-8058-04183DFF89C3}.Debug|Any CPU.Deploy.0 = Debug|Any CPU
		{3ED6845E-AC8F-476F-8058-04183DFF89C3}.Debug|iPhone.ActiveCfg = Debug|Any CPU
		{3ED6845E-AC8F-476F-8058-04183DFF89C3}.Debug|iPhone.Build.0 = Debug|Any CPU
		{3ED6845E-AC8F-476F-8058-04183DFF89C3}.Debug|iPhone.Deploy.0 = Debug|Any CPU
		{3ED6845E-AC8F-476F-8058-04183DFF89C3}.Debug|iPhoneSimulator.ActiveCfg = Debug|Any CPU
		{3ED6845E-AC8F-476F-8058-04183DFF89C3}.Debug|iPhoneSimulator.Build.0 = Debug|Any CPU
		{3ED6845E-AC8F-476F-8058-04183DFF89C3}.Debug|iPhoneSimulator.Deploy.0 = Debug|Any CPU
		{3ED6845E-AC8F-476F-8058-04183DFF89C3}.Debug|x86.ActiveCfg = Debug|x86
		{3ED6845E-AC8F-476F-8058-04183DFF89C3}.Debug|x86.Build.0 = Debug|x86
		{3ED6845E-AC8F-476F-8058-04183DFF89C3}.Debug|x86.Deploy.0 = Debug|x86
		{3ED6845E-AC8F-476F-8058-04183DFF89C3}.Release|Any CPU.ActiveCfg = Release|Any CPU
		{3ED6845E-AC8F-476F-8058-04183DFF89C3}.Release|Any CPU.Build.0 = Release|Any CPU
		{3ED6845E-AC8F-476F-8058-04183DFF89C3}.Release|Any CPU.Deploy.0 = Release|Any CPU
		{3ED6845E-AC8F-476F-8058-04183DFF89C3}.Release|iPhone.ActiveCfg = Release|Any CPU
		{3ED6845E-AC8F-476F-8058-04183DFF89C3}.Release|iPhone.Build.0 = Release|Any CPU
		{3ED6845E-AC8F-476F-8058-04183DFF89C3}.Release|iPhone.Deploy.0 = Release|Any CPU
		{3ED6845E-AC8F-476F-8058-04183DFF89C3}.Release|iPhoneSimulator.ActiveCfg = Release|Any CPU
		{3ED6845E-AC8F-476F-8058-04183DFF89C3}.Release|iPhoneSimulator.Build.0 = Release|Any CPU
		{3ED6845E-AC8F-476F-8058-04183DFF89C3}.Release|iPhoneSimulator.Deploy.0 = Release|Any CPU
		{3ED6845E-AC8F-476F-8058-04183DFF89C3}.Release|x86.ActiveCfg = Release|x86
		{3ED6845E-AC8F-476F-8058-04183DFF89C3}.Release|x86.Build.0 = Release|x86
		{3ED6845E-AC8F-476F-8058-04183DFF89C3}.Release|x86.Deploy.0 = Release|x86
		{EC77DA41-98C1-4639-9022-E647FEF95A03}.Debug|Any CPU.ActiveCfg = Debug|iPhoneSimulator
		{EC77DA41-98C1-4639-9022-E647FEF95A03}.Debug|Any CPU.Build.0 = Debug|iPhoneSimulator
		{EC77DA41-98C1-4639-9022-E647FEF95A03}.Debug|Any CPU.Deploy.0 = Debug|iPhoneSimulator
		{EC77DA41-98C1-4639-9022-E647FEF95A03}.Debug|iPhone.ActiveCfg = Debug|iPhone
		{EC77DA41-98C1-4639-9022-E647FEF95A03}.Debug|iPhone.Build.0 = Debug|iPhone
		{EC77DA41-98C1-4639-9022-E647FEF95A03}.Debug|iPhone.Deploy.0 = Debug|iPhone
		{EC77DA41-98C1-4639-9022-E647FEF95A03}.Debug|iPhoneSimulator.ActiveCfg = Debug|iPhoneSimulator
		{EC77DA41-98C1-4639-9022-E647FEF95A03}.Debug|iPhoneSimulator.Build.0 = Debug|iPhoneSimulator
		{EC77DA41-98C1-4639-9022-E647FEF95A03}.Debug|iPhoneSimulator.Deploy.0 = Debug|iPhoneSimulator
		{EC77DA41-98C1-4639-9022-E647FEF95A03}.Debug|x86.ActiveCfg = Debug|iPhone
		{EC77DA41-98C1-4639-9022-E647FEF95A03}.Release|Any CPU.ActiveCfg = Release|iPhone
		{EC77DA41-98C1-4639-9022-E647FEF95A03}.Release|Any CPU.Build.0 = Release|iPhone
		{EC77DA41-98C1-4639-9022-E647FEF95A03}.Release|Any CPU.Deploy.0 = Release|iPhone
		{EC77DA41-98C1-4639-9022-E647FEF95A03}.Release|iPhone.ActiveCfg = Release|iPhone
		{EC77DA41-98C1-4639-9022-E647FEF95A03}.Release|iPhone.Build.0 = Release|iPhone
		{EC77DA41-98C1-4639-9022-E647FEF95A03}.Release|iPhone.Deploy.0 = Release|iPhone
		{EC77DA41-98C1-4639-9022-E647FEF95A03}.Release|iPhoneSimulator.ActiveCfg = Release|iPhoneSimulator
		{EC77DA41-98C1-4639-9022-E647FEF95A03}.Release|iPhoneSimulator.Build.0 = Release|iPhoneSimulator
		{EC77DA41-98C1-4639-9022-E647FEF95A03}.Release|iPhoneSimulator.Deploy.0 = Release|iPhoneSimulator
		{EC77DA41-98C1-4639-9022-E647FEF95A03}.Release|x86.ActiveCfg = Release|iPhoneSimulator
		{F529CCEE-5D71-44FE-A0A5-61309F4F35A5}.Debug|Any CPU.ActiveCfg = Debug|Any CPU
		{F529CCEE-5D71-44FE-A0A5-61309F4F35A5}.Debug|Any CPU.Build.0 = Debug|Any CPU
		{F529CCEE-5D71-44FE-A0A5-61309F4F35A5}.Debug|Any CPU.Deploy.0 = Debug|Any CPU
		{F529CCEE-5D71-44FE-A0A5-61309F4F35A5}.Debug|iPhone.ActiveCfg = Debug|Any CPU
		{F529CCEE-5D71-44FE-A0A5-61309F4F35A5}.Debug|iPhone.Build.0 = Debug|Any CPU
		{F529CCEE-5D71-44FE-A0A5-61309F4F35A5}.Debug|iPhone.Deploy.0 = Debug|Any CPU
		{F529CCEE-5D71-44FE-A0A5-61309F4F35A5}.Debug|iPhoneSimulator.ActiveCfg = Debug|Any CPU
		{F529CCEE-5D71-44FE-A0A5-61309F4F35A5}.Debug|iPhoneSimulator.Build.0 = Debug|Any CPU
		{F529CCEE-5D71-44FE-A0A5-61309F4F35A5}.Debug|iPhoneSimulator.Deploy.0 = Debug|Any CPU
		{F529CCEE-5D71-44FE-A0A5-61309F4F35A5}.Debug|x86.ActiveCfg = Debug|Any CPU
		{F529CCEE-5D71-44FE-A0A5-61309F4F35A5}.Debug|x86.Build.0 = Debug|Any CPU
		{F529CCEE-5D71-44FE-A0A5-61309F4F35A5}.Release|Any CPU.ActiveCfg = Release|Any CPU
		{F529CCEE-5D71-44FE-A0A5-61309F4F35A5}.Release|Any CPU.Build.0 = Release|Any CPU
		{F529CCEE-5D71-44FE-A0A5-61309F4F35A5}.Release|Any CPU.Deploy.0 = Release|Any CPU
		{F529CCEE-5D71-44FE-A0A5-61309F4F35A5}.Release|iPhone.ActiveCfg = Release|Any CPU
		{F529CCEE-5D71-44FE-A0A5-61309F4F35A5}.Release|iPhone.Build.0 = Release|Any CPU
		{F529CCEE-5D71-44FE-A0A5-61309F4F35A5}.Release|iPhone.Deploy.0 = Release|Any CPU
		{F529CCEE-5D71-44FE-A0A5-61309F4F35A5}.Release|iPhoneSimulator.ActiveCfg = Release|Any CPU
		{F529CCEE-5D71-44FE-A0A5-61309F4F35A5}.Release|iPhoneSimulator.Build.0 = Release|Any CPU
		{F529CCEE-5D71-44FE-A0A5-61309F4F35A5}.Release|iPhoneSimulator.Deploy.0 = Release|Any CPU
		{F529CCEE-5D71-44FE-A0A5-61309F4F35A5}.Release|x86.ActiveCfg = Release|Any CPU
		{F529CCEE-5D71-44FE-A0A5-61309F4F35A5}.Release|x86.Build.0 = Release|Any CPU
	EndGlobalSection
	GlobalSection(SolutionProperties) = preSolution
		HideSolutionNode = FALSE
	EndGlobalSection
	GlobalSection(ExtensibilityGlobals) = postSolution
		SolutionGuid = {0674B56F-ECD8-405F-999A-37633219BDD7}
	EndGlobalSection
EndGlobal
